
Microsoft Visual Studio Solution File, Format Version 12.00
# Visual Studio Version 16
VisualStudioVersion = 16.0.33801.447
MinimumVisualStudioVersion = 10.0.40219.1
Project("{FAE04EC0-301F-11D3-BF4B-00C04F79EFBC}") = "Building and Manipulating Objects", "Building and Manipulating Objects\Building and Manipulating Objects.csproj", "{BEF93894-EB6F-4895-B10D-B1EFB16E6AC0}"
EndProject
Global
	GlobalSection(SolutionConfigurationPlatforms) = preSolution
		Debug|Any CPU = Debug|Any CPU
		Release|Any CPU = Release|Any CPU
	EndGlobalSection
	GlobalSection(ProjectConfigurationPlatforms) = postSolution
		{BEF93894-EB6F-4895-B10D-B1EFB16E6AC0}.Debug|Any CPU.ActiveCfg = Debug|Any CPU
		{BEF93894-EB6F-4895-B10D-B1EFB16E6AC0}.Debug|Any CPU.Build.0 = Debug|Any CPU
		{BEF93894-EB6F-4895-B10D-B1EFB16E6AC0}.Release|Any CPU.ActiveCfg = Release|Any CPU
		{BEF93894-EB6F-4895-B10D-B1EFB16E6AC0}.Release|Any CPU.Build.0 = Release|Any CPU
	EndGlobalSection
	GlobalSection(SolutionProperties) = preSolution
		HideSolutionNode = FALSE
	EndGlobalSection
	GlobalSection(ExtensibilityGlobals) = postSolution
		SolutionGuid = {76FEBC54-2ABC-4B61-B791-300BE9B4EF79}
	EndGlobalSection
EndGlobal
