
Microsoft Visual Studio Solution File, Format Version 12.00
# Visual Studio Version 16
VisualStudioVersion = 16.0.33801.447
MinimumVisualStudioVersion = 10.0.40219.1
Project("{FAE04EC0-301F-11D3-BF4B-00C04F79EFBC}") = "ConsoleAppPart1", "ConsoleAppPart1\ConsoleAppPart1.csproj", "{ECD29CF7-5287-4A4F-870C-A1A996D95FE4}"
EndProject
Global
	GlobalSection(SolutionConfigurationPlatforms) = preSolution
		Debug|Any CPU = Debug|Any CPU
		Release|Any CPU = Release|Any CPU
	EndGlobalSection
	GlobalSection(ProjectConfigurationPlatforms) = postSolution
		{ECD29CF7-5287-4A4F-870C-A1A996D95FE4}.Debug|Any CPU.ActiveCfg = Debug|Any CPU
		{ECD29CF7-5287-4A4F-870C-A1A996D95FE4}.Debug|Any CPU.Build.0 = Debug|Any CPU
		{ECD29CF7-5287-4A4F-870C-A1A996D95FE4}.Release|Any CPU.ActiveCfg = Release|Any CPU
		{ECD29CF7-5287-4A4F-870C-A1A996D95FE4}.Release|Any CPU.Build.0 = Release|Any CPU
	EndGlobalSection
	GlobalSection(SolutionProperties) = preSolution
		HideSolutionNode = FALSE
	EndGlobalSection
	GlobalSection(ExtensibilityGlobals) = postSolution
		SolutionGuid = {BE18A8D7-C44A-40CB-A83F-A5BEDD9F52F0}
	EndGlobalSection
EndGlobal
