
Microsoft Visual Studio Solution File, Format Version 12.00
# Visual Studio Version 16
VisualStudioVersion = 16.0.33801.447
MinimumVisualStudioVersion = 10.0.40219.1
Project("{FAE04EC0-301F-11D3-BF4B-00C04F79EFBC}") = "CONSOLE APP PART SIX", "CONSOLE APP PART SIX\CONSOLE APP PART SIX.csproj", "{711DE590-7F10-476A-931E-070AEAA24449}"
EndProject
Global
	GlobalSection(SolutionConfigurationPlatforms) = preSolution
		Debug|Any CPU = Debug|Any CPU
		Release|Any CPU = Release|Any CPU
	EndGlobalSection
	GlobalSection(ProjectConfigurationPlatforms) = postSolution
		{711DE590-7F10-476A-931E-070AEAA24449}.Debug|Any CPU.ActiveCfg = Debug|Any CPU
		{711DE590-7F10-476A-931E-070AEAA24449}.Debug|Any CPU.Build.0 = Debug|Any CPU
		{711DE590-7F10-476A-931E-070AEAA24449}.Release|Any CPU.ActiveCfg = Release|Any CPU
		{711DE590-7F10-476A-931E-070AEAA24449}.Release|Any CPU.Build.0 = Release|Any CPU
	EndGlobalSection
	GlobalSection(SolutionProperties) = preSolution
		HideSolutionNode = FALSE
	EndGlobalSection
	GlobalSection(ExtensibilityGlobals) = postSolution
		SolutionGuid = {646E89A6-DCB3-4FCD-B51A-2E6848BA0495}
	EndGlobalSection
EndGlobal
