
Microsoft Visual Studio Solution File, Format Version 12.00
# Visual Studio Version 16
VisualStudioVersion = 16.0.33801.447
MinimumVisualStudioVersion = 10.0.40219.1
Project("{FAE04EC0-301F-11D3-BF4B-00C04F79EFBC}") = "MethodClass", "MethodClass\MethodClass.csproj", "{F0C89C7C-27E8-4934-A4E6-A3D369AEE924}"
EndProject
Global
	GlobalSection(SolutionConfigurationPlatforms) = preSolution
		Debug|Any CPU = Debug|Any CPU
		Release|Any CPU = Release|Any CPU
	EndGlobalSection
	GlobalSection(ProjectConfigurationPlatforms) = postSolution
		{F0C89C7C-27E8-4934-A4E6-A3D369AEE924}.Debug|Any CPU.ActiveCfg = Debug|Any CPU
		{F0C89C7C-27E8-4934-A4E6-A3D369AEE924}.Debug|Any CPU.Build.0 = Debug|Any CPU
		{F0C89C7C-27E8-4934-A4E6-A3D369AEE924}.Release|Any CPU.ActiveCfg = Release|Any CPU
		{F0C89C7C-27E8-4934-A4E6-A3D369AEE924}.Release|Any CPU.Build.0 = Release|Any CPU
	EndGlobalSection
	GlobalSection(SolutionProperties) = preSolution
		HideSolutionNode = FALSE
	EndGlobalSection
	GlobalSection(ExtensibilityGlobals) = postSolution
		SolutionGuid = {DF68011E-4FA7-48F9-8005-E62462EEB3AA}
	EndGlobalSection
EndGlobal
