
Microsoft Visual Studio Solution File, Format Version 12.00
# Visual Studio Version 16
VisualStudioVersion = 16.0.33801.447
MinimumVisualStudioVersion = 10.0.40219.1
Project("{FAE04EC0-301F-11D3-BF4B-00C04F79EFBC}") = "TechAcadStudentsMVS", "TechAcadStudentsMVS\TechAcadStudentsMVS.csproj", "{FAFC0788-023B-42A2-B1EE-0B2F6135BF78}"
EndProject
Global
	GlobalSection(SolutionConfigurationPlatforms) = preSolution
		Debug|Any CPU = Debug|Any CPU
		Release|Any CPU = Release|Any CPU
	EndGlobalSection
	GlobalSection(ProjectConfigurationPlatforms) = postSolution
		{FAFC0788-023B-42A2-B1EE-0B2F6135BF78}.Debug|Any CPU.ActiveCfg = Debug|Any CPU
		{FAFC0788-023B-42A2-B1EE-0B2F6135BF78}.Debug|Any CPU.Build.0 = Debug|Any CPU
		{FAFC0788-023B-42A2-B1EE-0B2F6135BF78}.Release|Any CPU.ActiveCfg = Release|Any CPU
		{FAFC0788-023B-42A2-B1EE-0B2F6135BF78}.Release|Any CPU.Build.0 = Release|Any CPU
	EndGlobalSection
	GlobalSection(SolutionProperties) = preSolution
		HideSolutionNode = FALSE
	EndGlobalSection
	GlobalSection(ExtensibilityGlobals) = postSolution
		SolutionGuid = {B1A72852-C264-49FB-9DC2-5AB9C2C298FC}
	EndGlobalSection
EndGlobal
