
Microsoft Visual Studio Solution File, Format Version 12.00
# Visual Studio Version 16
VisualStudioVersion = 16.0.33801.447
MinimumVisualStudioVersion = 10.0.40219.1
Project("{FAE04EC0-301F-11D3-BF4B-00C04F79EFBC}") = "MethodSubmission", "MethodSubmission\MethodSubmission.csproj", "{28B6BFF8-6710-4012-A1DC-AB7BFF182346}"
EndProject
Global
	GlobalSection(SolutionConfigurationPlatforms) = preSolution
		Debug|Any CPU = Debug|Any CPU
		Release|Any CPU = Release|Any CPU
	EndGlobalSection
	GlobalSection(ProjectConfigurationPlatforms) = postSolution
		{28B6BFF8-6710-4012-A1DC-AB7BFF182346}.Debug|Any CPU.ActiveCfg = Debug|Any CPU
		{28B6BFF8-6710-4012-A1DC-AB7BFF182346}.Debug|Any CPU.Build.0 = Debug|Any CPU
		{28B6BFF8-6710-4012-A1DC-AB7BFF182346}.Release|Any CPU.ActiveCfg = Release|Any CPU
		{28B6BFF8-6710-4012-A1DC-AB7BFF182346}.Release|Any CPU.Build.0 = Release|Any CPU
	EndGlobalSection
	GlobalSection(SolutionProperties) = preSolution
		HideSolutionNode = FALSE
	EndGlobalSection
	GlobalSection(ExtensibilityGlobals) = postSolution
		SolutionGuid = {09AECF96-6550-418F-9884-5087442AD9DD}
	EndGlobalSection
EndGlobal
