
Microsoft Visual Studio Solution File, Format Version 12.00
# Visual Studio Version 16
VisualStudioVersion = 16.0.33801.447
MinimumVisualStudioVersion = 10.0.40219.1
Project("{FAE04EC0-301F-11D3-BF4B-00C04F79EFBC}") = "ClassAssignment", "ClassAssignment\ClassAssignment.csproj", "{3A61677B-8882-4147-BAA7-AF8652C2DF02}"
EndProject
Global
	GlobalSection(SolutionConfigurationPlatforms) = preSolution
		Debug|Any CPU = Debug|Any CPU
		Release|Any CPU = Release|Any CPU
	EndGlobalSection
	GlobalSection(ProjectConfigurationPlatforms) = postSolution
		{3A61677B-8882-4147-BAA7-AF8652C2DF02}.Debug|Any CPU.ActiveCfg = Debug|Any CPU
		{3A61677B-8882-4147-BAA7-AF8652C2DF02}.Debug|Any CPU.Build.0 = Debug|Any CPU
		{3A61677B-8882-4147-BAA7-AF8652C2DF02}.Release|Any CPU.ActiveCfg = Release|Any CPU
		{3A61677B-8882-4147-BAA7-AF8652C2DF02}.Release|Any CPU.Build.0 = Release|Any CPU
	EndGlobalSection
	GlobalSection(SolutionProperties) = preSolution
		HideSolutionNode = FALSE
	EndGlobalSection
	GlobalSection(ExtensibilityGlobals) = postSolution
		SolutionGuid = {228F6733-9E8B-4E74-8989-96D2A10DC039}
	EndGlobalSection
EndGlobal
