
Microsoft Visual Studio Solution File, Format Version 12.00
# Visual Studio Version 16
VisualStudioVersion = 16.0.33801.447
MinimumVisualStudioVersion = 10.0.40219.1
Project("{FAE04EC0-301F-11D3-BF4B-00C04F79EFBC}") = "ConsoleAppPart6", "ConsoleAppPart6\ConsoleAppPart6.csproj", "{000BB604-C0F5-4636-8018-21FBE76C7EF4}"
EndProject
Global
	GlobalSection(SolutionConfigurationPlatforms) = preSolution
		Debug|Any CPU = Debug|Any CPU
		Release|Any CPU = Release|Any CPU
	EndGlobalSection
	GlobalSection(ProjectConfigurationPlatforms) = postSolution
		{000BB604-C0F5-4636-8018-21FBE76C7EF4}.Debug|Any CPU.ActiveCfg = Debug|Any CPU
		{000BB604-C0F5-4636-8018-21FBE76C7EF4}.Debug|Any CPU.Build.0 = Debug|Any CPU
		{000BB604-C0F5-4636-8018-21FBE76C7EF4}.Release|Any CPU.ActiveCfg = Release|Any CPU
		{000BB604-C0F5-4636-8018-21FBE76C7EF4}.Release|Any CPU.Build.0 = Release|Any CPU
	EndGlobalSection
	GlobalSection(SolutionProperties) = preSolution
		HideSolutionNode = FALSE
	EndGlobalSection
	GlobalSection(ExtensibilityGlobals) = postSolution
		SolutionGuid = {9722A58D-BA96-41FA-B042-7468A794A145}
	EndGlobalSection
EndGlobal
