
Microsoft Visual Studio Solution File, Format Version 12.00
# Visual Studio Version 16
VisualStudioVersion = 16.0.33801.447
MinimumVisualStudioVersion = 10.0.40219.1
Project("{FAE04EC0-301F-11D3-BF4B-00C04F79EFBC}") = "ConsoleApp4", "ConsoleApp4\ConsoleApp4.csproj", "{F7DF43B6-2BA1-4298-84AF-ACE47A00BB4C}"
EndProject
Global
	GlobalSection(SolutionConfigurationPlatforms) = preSolution
		Debug|Any CPU = Debug|Any CPU
		Release|Any CPU = Release|Any CPU
	EndGlobalSection
	GlobalSection(ProjectConfigurationPlatforms) = postSolution
		{F7DF43B6-2BA1-4298-84AF-ACE47A00BB4C}.Debug|Any CPU.ActiveCfg = Debug|Any CPU
		{F7DF43B6-2BA1-4298-84AF-ACE47A00BB4C}.Debug|Any CPU.Build.0 = Debug|Any CPU
		{F7DF43B6-2BA1-4298-84AF-ACE47A00BB4C}.Release|Any CPU.ActiveCfg = Release|Any CPU
		{F7DF43B6-2BA1-4298-84AF-ACE47A00BB4C}.Release|Any CPU.Build.0 = Release|Any CPU
	EndGlobalSection
	GlobalSection(SolutionProperties) = preSolution
		HideSolutionNode = FALSE
	EndGlobalSection
	GlobalSection(ExtensibilityGlobals) = postSolution
		SolutionGuid = {0A0DB0ED-9074-4873-923C-1EF7D1468328}
	EndGlobalSection
EndGlobal
